
Microsoft Visual Studio Solution File, Format Version 12.00
# Visual Studio 15
Project("{FAE04EC0-301F-11D3-BF4B-00C04F79EFBC}") = "Assembly-CSharp-firstpass", "Assembly-CSharp-firstpass.csproj", "{CA41E98D-9CE9-9BC1-1F0A-3092E494EBC2}"
EndProject
Project("{FAE04EC0-301F-11D3-BF4B-00C04F79EFBC}") = "Assembly-CSharp", "Assembly-CSharp.csproj", "{614FECBF-ECA9-9385-DE70-86BAAAF9A7F2}"
EndProject
Global
	GlobalSection(SolutionConfigurationPlatforms) = preSolution
		Debug|Any CPU = Debug|Any CPU
		Release|Any CPU = Release|Any CPU
	EndGlobalSection
	GlobalSection(ProjectConfigurationPlatforms) = postSolution
		{CA41E98D-9CE9-9BC1-1F0A-3092E494EBC2}.Debug|Any CPU.ActiveCfg = Debug|Any CPU
		{CA41E98D-9CE9-9BC1-1F0A-3092E494EBC2}.Debug|Any CPU.Build.0 = Debug|Any CPU
		{CA41E98D-9CE9-9BC1-1F0A-3092E494EBC2}.Release|Any CPU.ActiveCfg = Release|Any CPU
		{CA41E98D-9CE9-9BC1-1F0A-3092E494EBC2}.Release|Any CPU.Build.0 = Release|Any CPU
		{614FECBF-ECA9-9385-DE70-86BAAAF9A7F2}.Debug|Any CPU.ActiveCfg = Debug|Any CPU
		{614FECBF-ECA9-9385-DE70-86BAAAF9A7F2}.Debug|Any CPU.Build.0 = Debug|Any CPU
		{614FECBF-ECA9-9385-DE70-86BAAAF9A7F2}.Release|Any CPU.ActiveCfg = Release|Any CPU
		{614FECBF-ECA9-9385-DE70-86BAAAF9A7F2}.Release|Any CPU.Build.0 = Release|Any CPU
	EndGlobalSection
	GlobalSection(SolutionProperties) = preSolution
		HideSolutionNode = FALSE
	EndGlobalSection
EndGlobal
